
Microsoft Visual Studio Solution File, Format Version 12.00
# Visual Studio Version 17
VisualStudioVersion = 17.7.34031.279
MinimumVisualStudioVersion = 10.0.40219.1
Project("{FAE04EC0-301F-11D3-BF4B-00C04F79EFBC}") = "presupuestoAPIEv", "presupuestoAPIEv\presupuestoAPIEv.csproj", "{AF72F55F-EC23-4540-931F-D7A81E8F919A}"
EndProject
Project("{FAE04EC0-301F-11D3-BF4B-00C04F79EFBC}") = "DB", "DB\DB.csproj", "{A0B478F4-DFFD-481D-87FF-C049381B4946}"
EndProject
Global
	GlobalSection(SolutionConfigurationPlatforms) = preSolution
		Debug|Any CPU = Debug|Any CPU
		Release|Any CPU = Release|Any CPU
	EndGlobalSection
	GlobalSection(ProjectConfigurationPlatforms) = postSolution
		{AF72F55F-EC23-4540-931F-D7A81E8F919A}.Debug|Any CPU.ActiveCfg = Debug|Any CPU
		{AF72F55F-EC23-4540-931F-D7A81E8F919A}.Debug|Any CPU.Build.0 = Debug|Any CPU
		{AF72F55F-EC23-4540-931F-D7A81E8F919A}.Release|Any CPU.ActiveCfg = Release|Any CPU
		{AF72F55F-EC23-4540-931F-D7A81E8F919A}.Release|Any CPU.Build.0 = Release|Any CPU
		{A0B478F4-DFFD-481D-87FF-C049381B4946}.Debug|Any CPU.ActiveCfg = Debug|Any CPU
		{A0B478F4-DFFD-481D-87FF-C049381B4946}.Debug|Any CPU.Build.0 = Debug|Any CPU
		{A0B478F4-DFFD-481D-87FF-C049381B4946}.Release|Any CPU.ActiveCfg = Release|Any CPU
		{A0B478F4-DFFD-481D-87FF-C049381B4946}.Release|Any CPU.Build.0 = Release|Any CPU
	EndGlobalSection
	GlobalSection(SolutionProperties) = preSolution
		HideSolutionNode = FALSE
	EndGlobalSection
	GlobalSection(ExtensibilityGlobals) = postSolution
		SolutionGuid = {F650DA59-24DF-48C5-A459-99EAAED72539}
	EndGlobalSection
EndGlobal
